<?xml version="1.0" encoding="UTF-8" standalone="yes" ?>
<CodeBlocks_project_file>
	<FileVersion major="1" minor="6" />
	<Project>
		<Option title="3_ObjectsTypesAndValues" />
		<Option pch_mode="2" />
		<Option compiler="gcc" />
		<Build>
			<Target title="Debug">
				<Option output="bin/Debug/3_ObjectsTypesAndValues" prefix_auto="1" extension_auto="1" />
				<Option object_output="obj/Debug/" />
				<Option type="1" />
				<Option compiler="gcc" />
				<Compiler>
					<Add option="-Wall" />
					<Add option="-std=c++11" />
					<Add option="-g" />
				</Compiler>
			</Target>
			<Target title="Release">
				<Option output="bin/Release/3_ObjectsTypesAndValues" prefix_auto="1" extension_auto="1" />
				<Option object_output="obj/Release/" />
				<Option type="1" />
				<Option compiler="gcc" />
				<Compiler>
					<Add option="-O2" />
					<Add option="-std=c++11" />
				</Compiler>
				<Linker>
					<Add option="-s" />
				</Linker>
			</Target>
		</Build>
		<Compiler>
			<Add option="-Wall" />
			<Add option="-fexceptions" />
		</Compiler>
		<Unit filename="3.3_nameAndAge_v1.cpp">
			<Option compile="0" />
			<Option link="0" />
		</Unit>
		<Unit filename="3.3_nameAndAge_v2.cpp">
			<Option compile="0" />
			<Option link="0" />
		</Unit>
		<Unit filename="3.4_arithmeticOperators_v1.cpp">
			<Option compile="0" />
			<Option link="0" />
		</Unit>
		<Unit filename="3.4_arithmeticOperators_v2.cpp">
			<Option compile="0" />
			<Option link="0" />
		</Unit>
		<Unit filename="3.4_arithmeticOperators_v3.cpp">
			<Option compile="0" />
			<Option link="0" />
		</Unit>
		<Unit filename="3.4_arithmeticOperators_v4.cpp">
			<Option compile="0" />
			<Option link="0" />
		</Unit>
		<Unit filename="3.4_arithmeticOperators_v5.cpp">
			<Option compile="0" />
			<Option link="0" />
			<Option target="Debug" />
		</Unit>
		<Unit filename="3.5_stringOperations_v1.cpp">
			<Option compile="0" />
			<Option link="0" />
			<Option target="Debug" />
		</Unit>
		<Unit filename="3.9.1_charToInt_v1.cpp">
			<Option compile="0" />
			<Option link="0" />
			<Option target="Debug" />
		</Unit>
		<Unit filename="3.9.2_charIntDoubleConversion_v1.cpp">
			<Option compile="0" />
			<Option link="0" />
			<Option target="Debug" />
		</Unit>
		<Unit filename="3.9.2_charIntDoubleConversion_v2.cpp">
			<Option compile="0" />
			<Option link="0" />
			<Option target="Debug" />
		</Unit>
		<Unit filename="3_drill_v1.cpp">
			<Option compile="0" />
			<Option link="0" />
			<Option target="Debug" />
		</Unit>
		<Unit filename="3_ex_10vraie_v1.cpp">
			<Option compile="0" />
			<Option link="0" />
			<Option target="Debug" />
		</Unit>
		<Unit filename="3_ex_10vraie_v2.cpp">
			<Option compile="0" />
			<Option link="0" />
			<Option target="Debug" />
		</Unit>
		<Unit filename="3_ex_1_v1.cpp">
			<Option compile="0" />
			<Option link="0" />
			<Option target="Debug" />
		</Unit>
		<Unit filename="3_ex_4_v1.cpp">
			<Option compile="0" />
			<Option link="0" />
			<Option target="Debug" />
		</Unit>
		<Unit filename="3_ex_5_v1.cpp">
			<Option compile="0" />
			<Option link="0" />
			<Option target="Debug" />
		</Unit>
		<Unit filename="3_ex_6_v1.cpp">
			<Option compile="0" />
			<Option link="0" />
			<Option target="Debug" />
		</Unit>
		<Unit filename="3_ex_7_v1.cpp">
			<Option compile="0" />
			<Option link="0" />
			<Option target="Debug" />
		</Unit>
		<Unit filename="3_ex_8_v1.cpp">
			<Option compile="0" />
			<Option link="0" />
			<Option target="Debug" />
		</Unit>
		<Unit filename="main.cpp">
			<Option compile="0" />
			<Option link="0" />
		</Unit>
		<Extensions>
			<code_completion />
			<envvars />
			<debugger />
			<lib_finder disable_auto="1" />
		</Extensions>
	</Project>
</CodeBlocks_project_file>
